
Microsoft Visual Studio Solution File, Format Version 12.00
# Visual Studio 15
VisualStudioVersion = 15.0.28307.168
MinimumVisualStudioVersion = 10.0.40219.1
Project("{FAE04EC0-301F-11D3-BF4B-00C04F79EFBC}") = "Avtobuska", "Avtobuska\Avtobuska.csproj", "{05CBB03D-5C24-4343-ADE0-B1132C2046C6}"
EndProject
Global
	GlobalSection(SolutionConfigurationPlatforms) = preSolution
		Debug|Any CPU = Debug|Any CPU
		Release|Any CPU = Release|Any CPU
	EndGlobalSection
	GlobalSection(ProjectConfigurationPlatforms) = postSolution
		{05CBB03D-5C24-4343-ADE0-B1132C2046C6}.Debug|Any CPU.ActiveCfg = Debug|Any CPU
		{05CBB03D-5C24-4343-ADE0-B1132C2046C6}.Debug|Any CPU.Build.0 = Debug|Any CPU
		{05CBB03D-5C24-4343-ADE0-B1132C2046C6}.Release|Any CPU.ActiveCfg = Release|Any CPU
		{05CBB03D-5C24-4343-ADE0-B1132C2046C6}.Release|Any CPU.Build.0 = Release|Any CPU
	EndGlobalSection
	GlobalSection(SolutionProperties) = preSolution
		HideSolutionNode = FALSE
	EndGlobalSection
	GlobalSection(ExtensibilityGlobals) = postSolution
		SolutionGuid = {F4D63B58-AD76-450F-90FE-7487B541152A}
	EndGlobalSection
EndGlobal
